
Microsoft Visual Studio Solution File, Format Version 12.00
# Visual Studio Version 17
VisualStudioVersion = 17.0.31903.59
MinimumVisualStudioVersion = 10.0.40219.1
Project("{2150E333-8FDC-42A3-9474-1A3956D46DE8}") = "BlazorForFrontEndDevelopment", "BlazorForFrontEndDevelopment", "{889CC45C-826A-45C9-BE03-1F5255B88132}"
EndProject
Project("{FAE04EC0-301F-11D3-BF4B-00C04F79EFBC}") = "MyBlazorApp", "BlazorForFrontEndDevelopment\MyBlazorApp\MyBlazorApp.csproj", "{EAC5CFAF-2B8C-47EB-88C7-348DDC43A6D7}"
EndProject
Project("{FAE04EC0-301F-11D3-BF4B-00C04F79EFBC}") = "RecipeManager", "BlazorForFrontEndDevelopment\RecipeManager\RecipeManager.csproj", "{D9B3F23B-531E-4F3A-9730-D0E787A6E443}"
EndProject
Global
	GlobalSection(SolutionConfigurationPlatforms) = preSolution
		Debug|Any CPU = Debug|Any CPU
		Release|Any CPU = Release|Any CPU
	EndGlobalSection
	GlobalSection(SolutionProperties) = preSolution
		HideSolutionNode = FALSE
	EndGlobalSection
	GlobalSection(ProjectConfigurationPlatforms) = postSolution
		{EAC5CFAF-2B8C-47EB-88C7-348DDC43A6D7}.Debug|Any CPU.ActiveCfg = Debug|Any CPU
		{EAC5CFAF-2B8C-47EB-88C7-348DDC43A6D7}.Debug|Any CPU.Build.0 = Debug|Any CPU
		{EAC5CFAF-2B8C-47EB-88C7-348DDC43A6D7}.Release|Any CPU.ActiveCfg = Release|Any CPU
		{EAC5CFAF-2B8C-47EB-88C7-348DDC43A6D7}.Release|Any CPU.Build.0 = Release|Any CPU
		{D9B3F23B-531E-4F3A-9730-D0E787A6E443}.Debug|Any CPU.ActiveCfg = Debug|Any CPU
		{D9B3F23B-531E-4F3A-9730-D0E787A6E443}.Debug|Any CPU.Build.0 = Debug|Any CPU
		{D9B3F23B-531E-4F3A-9730-D0E787A6E443}.Release|Any CPU.ActiveCfg = Release|Any CPU
		{D9B3F23B-531E-4F3A-9730-D0E787A6E443}.Release|Any CPU.Build.0 = Release|Any CPU
	EndGlobalSection
	GlobalSection(NestedProjects) = preSolution
		{EAC5CFAF-2B8C-47EB-88C7-348DDC43A6D7} = {889CC45C-826A-45C9-BE03-1F5255B88132}
		{D9B3F23B-531E-4F3A-9730-D0E787A6E443} = {889CC45C-826A-45C9-BE03-1F5255B88132}
	EndGlobalSection
EndGlobal
